
Microsoft Visual Studio Solution File, Format Version 12.00
# Visual Studio Version 16
VisualStudioVersion = 16.0.33130.400
MinimumVisualStudioVersion = 10.0.40219.1
Project("{FAE04EC0-301F-11D3-BF4B-00C04F79EFBC}") = "NamingConventions", "NamingConventions\NamingConventions.csproj", "{5F28E119-C403-4EE0-9893-7AC5AC87F7DB}"
EndProject
Project("{FAE04EC0-301F-11D3-BF4B-00C04F79EFBC}") = "WorkingWithMethods", "WorkingWithMethods\WorkingWithMethods.csproj", "{43DF4106-7609-4245-A239-A700C438308B}"
EndProject
Project("{FAE04EC0-301F-11D3-BF4B-00C04F79EFBC}") = "ReferenceTypesDemo", "ReferenceTypesDemo\ReferenceTypesDemo.csproj", "{A30DB484-AA85-400C-B9B4-BDD95E713800}"
EndProject
Project("{FAE04EC0-301F-11D3-BF4B-00C04F79EFBC}") = "ReferenceTypesClass", "ReferenceTypesClass\ReferenceTypesClass.csproj", "{9A901494-D812-4511-A55B-308903AD657D}"
EndProject
Global
	GlobalSection(SolutionConfigurationPlatforms) = preSolution
		Debug|Any CPU = Debug|Any CPU
		Release|Any CPU = Release|Any CPU
	EndGlobalSection
	GlobalSection(ProjectConfigurationPlatforms) = postSolution
		{5F28E119-C403-4EE0-9893-7AC5AC87F7DB}.Debug|Any CPU.ActiveCfg = Debug|Any CPU
		{5F28E119-C403-4EE0-9893-7AC5AC87F7DB}.Debug|Any CPU.Build.0 = Debug|Any CPU
		{5F28E119-C403-4EE0-9893-7AC5AC87F7DB}.Release|Any CPU.ActiveCfg = Release|Any CPU
		{5F28E119-C403-4EE0-9893-7AC5AC87F7DB}.Release|Any CPU.Build.0 = Release|Any CPU
		{43DF4106-7609-4245-A239-A700C438308B}.Debug|Any CPU.ActiveCfg = Debug|Any CPU
		{43DF4106-7609-4245-A239-A700C438308B}.Debug|Any CPU.Build.0 = Debug|Any CPU
		{43DF4106-7609-4245-A239-A700C438308B}.Release|Any CPU.ActiveCfg = Release|Any CPU
		{43DF4106-7609-4245-A239-A700C438308B}.Release|Any CPU.Build.0 = Release|Any CPU
		{A30DB484-AA85-400C-B9B4-BDD95E713800}.Debug|Any CPU.ActiveCfg = Debug|Any CPU
		{A30DB484-AA85-400C-B9B4-BDD95E713800}.Debug|Any CPU.Build.0 = Debug|Any CPU
		{A30DB484-AA85-400C-B9B4-BDD95E713800}.Release|Any CPU.ActiveCfg = Release|Any CPU
		{A30DB484-AA85-400C-B9B4-BDD95E713800}.Release|Any CPU.Build.0 = Release|Any CPU
		{9A901494-D812-4511-A55B-308903AD657D}.Debug|Any CPU.ActiveCfg = Debug|Any CPU
		{9A901494-D812-4511-A55B-308903AD657D}.Debug|Any CPU.Build.0 = Debug|Any CPU
		{9A901494-D812-4511-A55B-308903AD657D}.Release|Any CPU.ActiveCfg = Release|Any CPU
		{9A901494-D812-4511-A55B-308903AD657D}.Release|Any CPU.Build.0 = Release|Any CPU
	EndGlobalSection
	GlobalSection(SolutionProperties) = preSolution
		HideSolutionNode = FALSE
	EndGlobalSection
	GlobalSection(ExtensibilityGlobals) = postSolution
		SolutionGuid = {A511A0A5-F160-45DD-8140-2CABF51669F2}
	EndGlobalSection
EndGlobal
