
Microsoft Visual Studio Solution File, Format Version 12.00
# Visual Studio Version 16
VisualStudioVersion = 16.0.33130.400
MinimumVisualStudioVersion = 10.0.40219.1
Project("{9A19103F-16F7-4668-BE54-9A1E7A4F7556}") = "DevFramework.Core", "DevFramework.Core\DevFramework.Core.csproj", "{212A9126-4F34-499B-9174-31A3057D6176}"
EndProject
Project("{9A19103F-16F7-4668-BE54-9A1E7A4F7556}") = "DevFramework.Northwind.Entities", "DevFramework.Northwind.Entities\DevFramework.Northwind.Entities.csproj", "{C6A24958-E94C-4695-8ACE-20AD1C4FB5AF}"
EndProject
Project("{9A19103F-16F7-4668-BE54-9A1E7A4F7556}") = "DevFramework.Northwind.DataAccess", "DevFramework.Northwind.DataAccess\DevFramework.Northwind.DataAccess.csproj", "{94E25671-5D95-4ACC-B9DF-FDBBBB518B0F}"
EndProject
Project("{9A19103F-16F7-4668-BE54-9A1E7A4F7556}") = "DevFramework.Northwind.Business", "DevFramework.Northwind.Business\DevFramework.Northwind.Business.csproj", "{096E7846-4617-4E17-9BBD-017E6AD1F4E0}"
EndProject
Project("{FAE04EC0-301F-11D3-BF4B-00C04F79EFBC}") = "DevFramework.Northwind.MvcWebUI", "DevFramework.Northwind.MvcWebUI\DevFramework.Northwind.MvcWebUI.csproj", "{558F4E4F-68DE-47BE-BF22-134D56341743}"
EndProject
Project("{FAE04EC0-301F-11D3-BF4B-00C04F79EFBC}") = "DevFramework.Northwind.MvcWebUI.Tests", "DevFramework.Northwind.MvcWebUI.Tests\DevFramework.Northwind.MvcWebUI.Tests.csproj", "{C3434C9F-0B21-4609-A842-C6EAE1B94ADE}"
EndProject
Project("{FAE04EC0-301F-11D3-BF4B-00C04F79EFBC}") = "DevFramework.DataAccess.Tests", "DevFramework.DataAccess.Tests\DevFramework.DataAccess.Tests.csproj", "{E08C7C65-BD6D-4D1B-9B83-3B82338556D6}"
EndProject
Project("{FAE04EC0-301F-11D3-BF4B-00C04F79EFBC}") = "DevFramework.Northwind.Business.Tests", "DevFramework.Northwind.Business.Tests\DevFramework.Northwind.Business.Tests.csproj", "{3DF7890D-A0EA-4DA1-9302-38D1D4463A3B}"
EndProject
Project("{FAE04EC0-301F-11D3-BF4B-00C04F79EFBC}") = "DevFramework.Northwind.WebApi", "DevFramework.Northwind.WebApi\DevFramework.Northwind.WebApi.csproj", "{CFDCBBA5-9CFE-490F-AFC9-009504686B96}"
EndProject
Project("{E24C65DC-7377-472B-9ABA-BC803B73C61A}") = "DevFramework.Northwind.WcfService", "DevFramework.Northwind.WcfService\", "{4974EB2D-2114-49B8-BAAD-96B211500AB7}"
	ProjectSection(WebsiteProperties) = preProject
		TargetFrameworkMoniker = ".NETFramework,Version%3Dv4.8"
		Debug.AspNetCompiler.VirtualPath = "/localhost_54838"
		Debug.AspNetCompiler.PhysicalPath = "DevFramework.Northwind.WcfService\"
		Debug.AspNetCompiler.TargetPath = "PrecompiledWeb\localhost_54838\"
		Debug.AspNetCompiler.Updateable = "true"
		Debug.AspNetCompiler.ForceOverwrite = "true"
		Debug.AspNetCompiler.FixedNames = "false"
		Debug.AspNetCompiler.Debug = "True"
		Release.AspNetCompiler.VirtualPath = "/localhost_54838"
		Release.AspNetCompiler.PhysicalPath = "DevFramework.Northwind.WcfService\"
		Release.AspNetCompiler.TargetPath = "PrecompiledWeb\localhost_54838\"
		Release.AspNetCompiler.Updateable = "true"
		Release.AspNetCompiler.ForceOverwrite = "true"
		Release.AspNetCompiler.FixedNames = "false"
		Release.AspNetCompiler.Debug = "False"
		VWDPort = "54838"
		DefaultWebSiteLanguage = "Visual C#"
	EndProjectSection
EndProject
Project("{F184B08F-C81C-45F6-A57F-5ABD9991F28F}") = "DevFramework.Northwind.MvcAngularUI", "DevFramework.Northwind.MvcAngularUI\DevFramework.Northwind.MvcAngularUI.vbproj", "{5897E7E9-32F7-4794-9053-6871574AA1CF}"
EndProject
Global
	GlobalSection(SolutionConfigurationPlatforms) = preSolution
		Debug|Any CPU = Debug|Any CPU
		Release|Any CPU = Release|Any CPU
	EndGlobalSection
	GlobalSection(ProjectConfigurationPlatforms) = postSolution
		{212A9126-4F34-499B-9174-31A3057D6176}.Debug|Any CPU.ActiveCfg = Debug|Any CPU
		{212A9126-4F34-499B-9174-31A3057D6176}.Debug|Any CPU.Build.0 = Debug|Any CPU
		{212A9126-4F34-499B-9174-31A3057D6176}.Release|Any CPU.ActiveCfg = Release|Any CPU
		{212A9126-4F34-499B-9174-31A3057D6176}.Release|Any CPU.Build.0 = Release|Any CPU
		{C6A24958-E94C-4695-8ACE-20AD1C4FB5AF}.Debug|Any CPU.ActiveCfg = Debug|Any CPU
		{C6A24958-E94C-4695-8ACE-20AD1C4FB5AF}.Debug|Any CPU.Build.0 = Debug|Any CPU
		{C6A24958-E94C-4695-8ACE-20AD1C4FB5AF}.Release|Any CPU.ActiveCfg = Release|Any CPU
		{C6A24958-E94C-4695-8ACE-20AD1C4FB5AF}.Release|Any CPU.Build.0 = Release|Any CPU
		{94E25671-5D95-4ACC-B9DF-FDBBBB518B0F}.Debug|Any CPU.ActiveCfg = Debug|Any CPU
		{94E25671-5D95-4ACC-B9DF-FDBBBB518B0F}.Debug|Any CPU.Build.0 = Debug|Any CPU
		{94E25671-5D95-4ACC-B9DF-FDBBBB518B0F}.Release|Any CPU.ActiveCfg = Release|Any CPU
		{94E25671-5D95-4ACC-B9DF-FDBBBB518B0F}.Release|Any CPU.Build.0 = Release|Any CPU
		{096E7846-4617-4E17-9BBD-017E6AD1F4E0}.Debug|Any CPU.ActiveCfg = Debug|Any CPU
		{096E7846-4617-4E17-9BBD-017E6AD1F4E0}.Debug|Any CPU.Build.0 = Debug|Any CPU
		{096E7846-4617-4E17-9BBD-017E6AD1F4E0}.Release|Any CPU.ActiveCfg = Release|Any CPU
		{096E7846-4617-4E17-9BBD-017E6AD1F4E0}.Release|Any CPU.Build.0 = Release|Any CPU
		{558F4E4F-68DE-47BE-BF22-134D56341743}.Debug|Any CPU.ActiveCfg = Debug|Any CPU
		{558F4E4F-68DE-47BE-BF22-134D56341743}.Debug|Any CPU.Build.0 = Debug|Any CPU
		{558F4E4F-68DE-47BE-BF22-134D56341743}.Release|Any CPU.ActiveCfg = Release|Any CPU
		{558F4E4F-68DE-47BE-BF22-134D56341743}.Release|Any CPU.Build.0 = Release|Any CPU
		{C3434C9F-0B21-4609-A842-C6EAE1B94ADE}.Debug|Any CPU.ActiveCfg = Debug|Any CPU
		{C3434C9F-0B21-4609-A842-C6EAE1B94ADE}.Debug|Any CPU.Build.0 = Debug|Any CPU
		{C3434C9F-0B21-4609-A842-C6EAE1B94ADE}.Release|Any CPU.ActiveCfg = Release|Any CPU
		{C3434C9F-0B21-4609-A842-C6EAE1B94ADE}.Release|Any CPU.Build.0 = Release|Any CPU
		{E08C7C65-BD6D-4D1B-9B83-3B82338556D6}.Debug|Any CPU.ActiveCfg = Debug|Any CPU
		{E08C7C65-BD6D-4D1B-9B83-3B82338556D6}.Debug|Any CPU.Build.0 = Debug|Any CPU
		{E08C7C65-BD6D-4D1B-9B83-3B82338556D6}.Release|Any CPU.ActiveCfg = Release|Any CPU
		{E08C7C65-BD6D-4D1B-9B83-3B82338556D6}.Release|Any CPU.Build.0 = Release|Any CPU
		{3DF7890D-A0EA-4DA1-9302-38D1D4463A3B}.Debug|Any CPU.ActiveCfg = Debug|Any CPU
		{3DF7890D-A0EA-4DA1-9302-38D1D4463A3B}.Debug|Any CPU.Build.0 = Debug|Any CPU
		{3DF7890D-A0EA-4DA1-9302-38D1D4463A3B}.Release|Any CPU.ActiveCfg = Release|Any CPU
		{3DF7890D-A0EA-4DA1-9302-38D1D4463A3B}.Release|Any CPU.Build.0 = Release|Any CPU
		{CFDCBBA5-9CFE-490F-AFC9-009504686B96}.Debug|Any CPU.ActiveCfg = Debug|Any CPU
		{CFDCBBA5-9CFE-490F-AFC9-009504686B96}.Debug|Any CPU.Build.0 = Debug|Any CPU
		{CFDCBBA5-9CFE-490F-AFC9-009504686B96}.Release|Any CPU.ActiveCfg = Release|Any CPU
		{CFDCBBA5-9CFE-490F-AFC9-009504686B96}.Release|Any CPU.Build.0 = Release|Any CPU
		{4974EB2D-2114-49B8-BAAD-96B211500AB7}.Debug|Any CPU.ActiveCfg = Debug|Any CPU
		{4974EB2D-2114-49B8-BAAD-96B211500AB7}.Debug|Any CPU.Build.0 = Debug|Any CPU
		{4974EB2D-2114-49B8-BAAD-96B211500AB7}.Release|Any CPU.ActiveCfg = Debug|Any CPU
		{4974EB2D-2114-49B8-BAAD-96B211500AB7}.Release|Any CPU.Build.0 = Debug|Any CPU
		{5897E7E9-32F7-4794-9053-6871574AA1CF}.Debug|Any CPU.ActiveCfg = Debug|Any CPU
		{5897E7E9-32F7-4794-9053-6871574AA1CF}.Debug|Any CPU.Build.0 = Debug|Any CPU
		{5897E7E9-32F7-4794-9053-6871574AA1CF}.Release|Any CPU.ActiveCfg = Release|Any CPU
		{5897E7E9-32F7-4794-9053-6871574AA1CF}.Release|Any CPU.Build.0 = Release|Any CPU
	EndGlobalSection
	GlobalSection(SolutionProperties) = preSolution
		HideSolutionNode = FALSE
	EndGlobalSection
	GlobalSection(ExtensibilityGlobals) = postSolution
		SolutionGuid = {C0750BEA-D2D3-41A9-B52F-06CFAAC92F9C}
	EndGlobalSection
EndGlobal
